{
  "name": "@polypong/polypong-common",
  "version": "0.0.1",
  "lockfileVersion": 2,
  "requires": true,
  "packages": {
    "": {
      "name": "@polypong/polypong-common",
      "version": "0.0.1",
      "license": "None",
      "devDependencies": {
        "typescript": "^4.2.3"
      }
    },
    "node_modules/typescript": {
      "version": "4.2.3",
      "dev": true,
      "license": "Apache-2.0",
      "bin": {
        "tsc": "bin/tsc",
        "tsserver": "bin/tsserver"
      },
      "engines": {
        "node": ">=4.2.0"
      }
    }
  },
  "dependencies": {
    "typescript": {
      "version": "4.2.3",
      "dev": true
    }
  }
}
